{
  "version": 4,
  "terraform_version": "1.8.2",
  "serial": 24,
  "lineage": "dd4cdb52-bb55-e9e6-9a8c-2ee45fd580e2",
  "outputs": {},
  "resources": [
    {
      "mode": "managed",
      "type": "newrelic_alert_policy",
      "name": "policy",
      "provider": "provider[\"registry.terraform.io/newrelic/newrelic\"]",
      "instances": [
        {
          "schema_version": 0,
          "attributes": {
            "account_id": 4411834,
            "channel_ids": null,
            "id": "5268248",
            "incident_preference": "PER_POLICY",
            "name": "workflow(slack)-policy"
          },
          "sensitive_attributes": [],
          "private": "bnVsbA=="
        }
      ]
    }
  ],
  "check_results": null
}
